
Microsoft Visual Studio Solution File, Format Version 12.00
# Visual Studio Version 17
VisualStudioVersion = 17.12.35521.163 d17.12
MinimumVisualStudioVersion = 10.0.40219.1
Project("{FAE04EC0-301F-11D3-BF4B-00C04F79EFBC}") = "2024", "2024\2024.csproj", "{311F45D7-A286-49F3-A274-DAA07917D75E}"
EndProject
Project("{FAE04EC0-301F-11D3-BF4B-00C04F79EFBC}") = "AOCRunner", "AOCRunner\AOCRunner.csproj", "{7B7ECB3A-A026-47D8-9944-6F13C4F51C38}"
EndProject
Global
	GlobalSection(SolutionConfigurationPlatforms) = preSolution
		Debug|Any CPU = Debug|Any CPU
		Release|Any CPU = Release|Any CPU
	EndGlobalSection
	GlobalSection(ProjectConfigurationPlatforms) = postSolution
		{311F45D7-A286-49F3-A274-DAA07917D75E}.Debug|Any CPU.ActiveCfg = Debug|Any CPU
		{311F45D7-A286-49F3-A274-DAA07917D75E}.Debug|Any CPU.Build.0 = Debug|Any CPU
		{311F45D7-A286-49F3-A274-DAA07917D75E}.Release|Any CPU.ActiveCfg = Release|Any CPU
		{311F45D7-A286-49F3-A274-DAA07917D75E}.Release|Any CPU.Build.0 = Release|Any CPU
		{7B7ECB3A-A026-47D8-9944-6F13C4F51C38}.Debug|Any CPU.ActiveCfg = Debug|Any CPU
		{7B7ECB3A-A026-47D8-9944-6F13C4F51C38}.Debug|Any CPU.Build.0 = Debug|Any CPU
		{7B7ECB3A-A026-47D8-9944-6F13C4F51C38}.Release|Any CPU.ActiveCfg = Release|Any CPU
		{7B7ECB3A-A026-47D8-9944-6F13C4F51C38}.Release|Any CPU.Build.0 = Release|Any CPU
	EndGlobalSection
	GlobalSection(SolutionProperties) = preSolution
		HideSolutionNode = FALSE
	EndGlobalSection
EndGlobal
